{
  "name": "p256",
  "version": "1.0.0",
  "lockfileVersion": 3,
  "requires": true,
  "packages": {
    "": {
      "name": "p256",
      "version": "1.0.0",
      "license": "ISC",
      "dependencies": {
        "@noble/curves": "^1.5.0",
        "@polkadot/util": "^13.0.2"
      }
    },
    "node_modules/@noble/curves": {
      "version": "1.5.0",
      "resolved": "https://registry.npmjs.org/@noble/curves/-/curves-1.5.0.tgz",
      "integrity": "sha512-J5EKamIHnKPyClwVrzmaf5wSdQXgdHcPZIZLu3bwnbeCx8/7NPK5q2ZBWF+5FvYGByjiQQsJYX6jfgB2wDPn3A==",
      "dependencies": {
        "@noble/hashes": "1.4.0"
      },
      "funding": {
        "url": "https://paulmillr.com/funding/"
      }
    },
    "node_modules/@noble/hashes": {
      "version": "1.4.0",
      "resolved": "https://registry.npmjs.org/@noble/hashes/-/hashes-1.4.0.tgz",
      "integrity": "sha512-V1JJ1WTRUqHHrOSh597hURcMqVKVGL/ea3kv0gSnEdsEZ0/+VyPghM1lMNGc00z7CIQorSvbKpuJkxvuHbvdbg==",
      "engines": {
        "node": ">= 16"
      },
      "funding": {
        "url": "https://paulmillr.com/funding/"
      }
    },
    "node_modules/@polkadot/util": {
      "version": "13.0.2",
      "resolved": "https://registry.npmjs.org/@polkadot/util/-/util-13.0.2.tgz",
      "integrity": "sha512-/6bS9sfhJLhs8QuqWaR1eRapzfDdGC5XAQZEPL9NN5sTTA7HxWos8rVleai0UERm8QUMabjZ9rK9KpzbXl7ojg==",
      "dependencies": {
        "@polkadot/x-bigint": "13.0.2",
        "@polkadot/x-global": "13.0.2",
        "@polkadot/x-textdecoder": "13.0.2",
        "@polkadot/x-textencoder": "13.0.2",
        "@types/bn.js": "^5.1.5",
        "bn.js": "^5.2.1",
        "tslib": "^2.6.2"
      },
      "engines": {
        "node": ">=18"
      }
    },
    "node_modules/@polkadot/x-bigint": {
      "version": "13.0.2",
      "resolved": "https://registry.npmjs.org/@polkadot/x-bigint/-/x-bigint-13.0.2.tgz",
      "integrity": "sha512-h2jKT/UaxiEal8LhQeH6+GCjO7GwEqVAD2SNYteCOXff6yNttqAZYJuHZsndbVjVNwqRNf8D5q/zZkD0HUd6xQ==",
      "dependencies": {
        "@polkadot/x-global": "13.0.2",
        "tslib": "^2.6.2"
      },
      "engines": {
        "node": ">=18"
      }
    },
    "node_modules/@polkadot/x-global": {
      "version": "13.0.2",
      "resolved": "https://registry.npmjs.org/@polkadot/x-global/-/x-global-13.0.2.tgz",
      "integrity": "sha512-OoNIXLB5y8vIKpk4R+XmpDPhipNXWSUvEwUnpQT7NAxNLmzgMq1FhbrwBWWPRNHPrQonp7mqxV/X+v5lv1HW/g==",
      "dependencies": {
        "tslib": "^2.6.2"
      },
      "engines": {
        "node": ">=18"
      }
    },
    "node_modules/@polkadot/x-textdecoder": {
      "version": "13.0.2",
      "resolved": "https://registry.npmjs.org/@polkadot/x-textdecoder/-/x-textdecoder-13.0.2.tgz",
      "integrity": "sha512-mauglOkTJxLGmLwLc3J5Jlq/W+SHP53eiy3F8/8JxxfnXrZKgWoQXGpvXYPjFnMZj0MzDSy/6GjyGWnDCgdQFA==",
      "dependencies": {
        "@polkadot/x-global": "13.0.2",
        "tslib": "^2.6.2"
      },
      "engines": {
        "node": ">=18"
      }
    },
    "node_modules/@polkadot/x-textencoder": {
      "version": "13.0.2",
      "resolved": "https://registry.npmjs.org/@polkadot/x-textencoder/-/x-textencoder-13.0.2.tgz",
      "integrity": "sha512-Lq08H2OnVXj97uaOwg7tcmRS7a4VJYkHEeWO4FyEMOk6P6lU6W8OVNjjxG0se9PCEgmyZPUDbJI//1ynzP4cXw==",
      "dependencies": {
        "@polkadot/x-global": "13.0.2",
        "tslib": "^2.6.2"
      },
      "engines": {
        "node": ">=18"
      }
    },
    "node_modules/@types/bn.js": {
      "version": "5.1.5",
      "resolved": "https://registry.npmjs.org/@types/bn.js/-/bn.js-5.1.5.tgz",
      "integrity": "sha512-V46N0zwKRF5Q00AZ6hWtN0T8gGmDUaUzLWQvHFo5yThtVwK/VCenFY3wXVbOvNfajEpsTfQM4IN9k/d6gUVX3A==",
      "dependencies": {
        "@types/node": "*"
      }
    },
    "node_modules/@types/node": {
      "version": "22.3.0",
      "resolved": "https://registry.npmjs.org/@types/node/-/node-22.3.0.tgz",
      "integrity": "sha512-nrWpWVaDZuaVc5X84xJ0vNrLvomM205oQyLsRt7OHNZbSHslcWsvgFR7O7hire2ZonjLrWBbedmotmIlJDVd6g==",
      "dependencies": {
        "undici-types": "~6.18.2"
      }
    },
    "node_modules/bn.js": {
      "version": "5.2.1",
      "resolved": "https://registry.npmjs.org/bn.js/-/bn.js-5.2.1.tgz",
      "integrity": "sha512-eXRvHzWyYPBuB4NBy0cmYQjGitUrtqwbvlzP3G6VFnNRbsZQIxQ10PbKKHt8gZ/HW/D/747aDl+QkDqg3KQLMQ=="
    },
    "node_modules/tslib": {
      "version": "2.6.3",
      "resolved": "https://registry.npmjs.org/tslib/-/tslib-2.6.3.tgz",
      "integrity": "sha512-xNvxJEOUiWPGhUuUdQgAJPKOOJfGnIyKySOc09XkKsgdUV/3E2zvwZYdejjmRgPCgcym1juLH3226yA7sEFJKQ=="
    },
    "node_modules/undici-types": {
      "version": "6.18.2",
      "resolved": "https://registry.npmjs.org/undici-types/-/undici-types-6.18.2.tgz",
      "integrity": "sha512-5ruQbENj95yDYJNS3TvcaxPMshV7aizdv/hWYjGIKoANWKjhWNBsr2YEuYZKodQulB1b8l7ILOuDQep3afowQQ=="
    }
  }
}
